
Microsoft Visual Studio Solution File, Format Version 12.00
# Visual Studio Version 16
VisualStudioVersion = 16.0.29519.87
MinimumVisualStudioVersion = 10.0.40219.1
Project("{9A19103F-16F7-4668-BE54-9A1E7A4F7556}") = "SkyBlueSoftware.Events", "SkyBlueSoftware.Events\SkyBlueSoftware.Events.csproj", "{9BBA3B0A-C428-4FE0-A5CF-9A650E886A81}"
EndProject
Global
	GlobalSection(SolutionConfigurationPlatforms) = preSolution
		Debug|Any CPU = Debug|Any CPU
		Release|Any CPU = Release|Any CPU
	EndGlobalSection
	GlobalSection(ProjectConfigurationPlatforms) = postSolution
		{9BBA3B0A-C428-4FE0-A5CF-9A650E886A81}.Debug|Any CPU.ActiveCfg = Debug|Any CPU
		{9BBA3B0A-C428-4FE0-A5CF-9A650E886A81}.Debug|Any CPU.Build.0 = Debug|Any CPU
		{9BBA3B0A-C428-4FE0-A5CF-9A650E886A81}.Release|Any CPU.ActiveCfg = Release|Any CPU
		{9BBA3B0A-C428-4FE0-A5CF-9A650E886A81}.Release|Any CPU.Build.0 = Release|Any CPU
	EndGlobalSection
	GlobalSection(SolutionProperties) = preSolution
		HideSolutionNode = FALSE
	EndGlobalSection
	GlobalSection(ExtensibilityGlobals) = postSolution
		SolutionGuid = {F7527884-EE44-40A9-B201-B57CD41DF9A2}
	EndGlobalSection
EndGlobal
