
Microsoft Visual Studio Solution File, Format Version 12.00
# Visual Studio Version 16
VisualStudioVersion = 16.0.29519.87
MinimumVisualStudioVersion = 10.0.40219.1
Project("{9A19103F-16F7-4668-BE54-9A1E7A4F7556}") = "SkyBlueSoftware.Events", "SkyBlueSoftware.Events\SkyBlueSoftware.Events.csproj", "{9BBA3B0A-C428-4FE0-A5CF-9A650E886A81}"
EndProject
Project("{9A19103F-16F7-4668-BE54-9A1E7A4F7556}") = "SkyBlueSoftware.Events.Test", "SkyBlueSoftware.Events.Test\SkyBlueSoftware.Events.Test.csproj", "{084EA2A1-B646-4755-A3B4-3B588EF044D7}"
EndProject
Project("{2150E333-8FDC-42A3-9474-1A3956D46DE8}") = "Tests", "Tests", "{73EA29C2-500F-4EAD-A0D1-265D63866615}"
EndProject
Project("{9A19103F-16F7-4668-BE54-9A1E7A4F7556}") = "SkyBlueSoftware.Events.Test.NuGet", "SkyBlueSoftware.Events.Test.NuGet\SkyBlueSoftware.Events.Test.NuGet.csproj", "{61AF9E0D-1A94-4172-AEED-E24CFD1A2444}"
EndProject
Project("{9A19103F-16F7-4668-BE54-9A1E7A4F7556}") = "SkyBlueSoftware.TestFramework", "SkyBlueSoftware.TestFramework\SkyBlueSoftware.TestFramework.csproj", "{09E86984-D006-46CB-8770-F562604B4C02}"
EndProject
Project("{2150E333-8FDC-42A3-9474-1A3956D46DE8}") = "Solution Items", "Solution Items", "{F0FDE8F9-BA2D-40D6-909D-378550CA0347}"
	ProjectSection(SolutionItems) = preProject
		.editorconfig = .editorconfig
	EndProjectSection
EndProject
Project("{FAE04EC0-301F-11D3-BF4B-00C04F79EFBC}") = "SkyBlueSoftware.Events.View", "SkyBlueSoftware.Events.View\SkyBlueSoftware.Events.View.csproj", "{1039F53C-6E73-40B7-B3DD-D015143B38C1}"
EndProject
Project("{FAE04EC0-301F-11D3-BF4B-00C04F79EFBC}") = "SkyBlueSoftware.Events.ViewModel", "SkyBlueSoftware.Events.ViewModel\SkyBlueSoftware.Events.ViewModel.csproj", "{6568E449-1A7D-4B90-A44E-96BCEC6252FD}"
EndProject
Project("{FAE04EC0-301F-11D3-BF4B-00C04F79EFBC}") = "SkyBlueSoftware.Events.Autofac", "SkyBlueSoftware.Events.Autofac\SkyBlueSoftware.Events.Autofac.csproj", "{7FEA7C71-1F14-4227-86E3-42CF16F47A21}"
EndProject
Global
	GlobalSection(SolutionConfigurationPlatforms) = preSolution
		Debug|Any CPU = Debug|Any CPU
		Release|Any CPU = Release|Any CPU
	EndGlobalSection
	GlobalSection(ProjectConfigurationPlatforms) = postSolution
		{9BBA3B0A-C428-4FE0-A5CF-9A650E886A81}.Debug|Any CPU.ActiveCfg = Debug|Any CPU
		{9BBA3B0A-C428-4FE0-A5CF-9A650E886A81}.Debug|Any CPU.Build.0 = Debug|Any CPU
		{9BBA3B0A-C428-4FE0-A5CF-9A650E886A81}.Release|Any CPU.ActiveCfg = Release|Any CPU
		{9BBA3B0A-C428-4FE0-A5CF-9A650E886A81}.Release|Any CPU.Build.0 = Release|Any CPU
		{084EA2A1-B646-4755-A3B4-3B588EF044D7}.Debug|Any CPU.ActiveCfg = Debug|Any CPU
		{084EA2A1-B646-4755-A3B4-3B588EF044D7}.Debug|Any CPU.Build.0 = Debug|Any CPU
		{084EA2A1-B646-4755-A3B4-3B588EF044D7}.Release|Any CPU.ActiveCfg = Release|Any CPU
		{084EA2A1-B646-4755-A3B4-3B588EF044D7}.Release|Any CPU.Build.0 = Release|Any CPU
		{61AF9E0D-1A94-4172-AEED-E24CFD1A2444}.Debug|Any CPU.ActiveCfg = Debug|Any CPU
		{61AF9E0D-1A94-4172-AEED-E24CFD1A2444}.Debug|Any CPU.Build.0 = Debug|Any CPU
		{61AF9E0D-1A94-4172-AEED-E24CFD1A2444}.Release|Any CPU.ActiveCfg = Release|Any CPU
		{61AF9E0D-1A94-4172-AEED-E24CFD1A2444}.Release|Any CPU.Build.0 = Release|Any CPU
		{09E86984-D006-46CB-8770-F562604B4C02}.Debug|Any CPU.ActiveCfg = Debug|Any CPU
		{09E86984-D006-46CB-8770-F562604B4C02}.Debug|Any CPU.Build.0 = Debug|Any CPU
		{09E86984-D006-46CB-8770-F562604B4C02}.Release|Any CPU.ActiveCfg = Release|Any CPU
		{09E86984-D006-46CB-8770-F562604B4C02}.Release|Any CPU.Build.0 = Release|Any CPU
		{1039F53C-6E73-40B7-B3DD-D015143B38C1}.Debug|Any CPU.ActiveCfg = Debug|Any CPU
		{1039F53C-6E73-40B7-B3DD-D015143B38C1}.Debug|Any CPU.Build.0 = Debug|Any CPU
		{1039F53C-6E73-40B7-B3DD-D015143B38C1}.Release|Any CPU.ActiveCfg = Release|Any CPU
		{1039F53C-6E73-40B7-B3DD-D015143B38C1}.Release|Any CPU.Build.0 = Release|Any CPU
		{6568E449-1A7D-4B90-A44E-96BCEC6252FD}.Debug|Any CPU.ActiveCfg = Debug|Any CPU
		{6568E449-1A7D-4B90-A44E-96BCEC6252FD}.Debug|Any CPU.Build.0 = Debug|Any CPU
		{6568E449-1A7D-4B90-A44E-96BCEC6252FD}.Release|Any CPU.ActiveCfg = Release|Any CPU
		{6568E449-1A7D-4B90-A44E-96BCEC6252FD}.Release|Any CPU.Build.0 = Release|Any CPU
		{7FEA7C71-1F14-4227-86E3-42CF16F47A21}.Debug|Any CPU.ActiveCfg = Debug|Any CPU
		{7FEA7C71-1F14-4227-86E3-42CF16F47A21}.Debug|Any CPU.Build.0 = Debug|Any CPU
		{7FEA7C71-1F14-4227-86E3-42CF16F47A21}.Release|Any CPU.ActiveCfg = Release|Any CPU
		{7FEA7C71-1F14-4227-86E3-42CF16F47A21}.Release|Any CPU.Build.0 = Release|Any CPU
	EndGlobalSection
	GlobalSection(SolutionProperties) = preSolution
		HideSolutionNode = FALSE
	EndGlobalSection
	GlobalSection(NestedProjects) = preSolution
		{084EA2A1-B646-4755-A3B4-3B588EF044D7} = {73EA29C2-500F-4EAD-A0D1-265D63866615}
		{61AF9E0D-1A94-4172-AEED-E24CFD1A2444} = {73EA29C2-500F-4EAD-A0D1-265D63866615}
		{09E86984-D006-46CB-8770-F562604B4C02} = {73EA29C2-500F-4EAD-A0D1-265D63866615}
	EndGlobalSection
	GlobalSection(ExtensibilityGlobals) = postSolution
		SolutionGuid = {F7527884-EE44-40A9-B201-B57CD41DF9A2}
	EndGlobalSection
EndGlobal
