
Microsoft Visual Studio Solution File, Format Version 12.00
# Visual Studio Version 16
VisualStudioVersion = 16.0.29519.87
MinimumVisualStudioVersion = 10.0.40219.1
Project("{9A19103F-16F7-4668-BE54-9A1E7A4F7556}") = "SkyBlueSoftware.Events", "SkyBlueSoftware.Events\SkyBlueSoftware.Events.csproj", "{9BBA3B0A-C428-4FE0-A5CF-9A650E886A81}"
EndProject
Project("{9A19103F-16F7-4668-BE54-9A1E7A4F7556}") = "SkyBlueSoftware.Events.Test", "SkyBlueSoftware.Events.Test\SkyBlueSoftware.Events.Test.csproj", "{084EA2A1-B646-4755-A3B4-3B588EF044D7}"
EndProject
Project("{9A19103F-16F7-4668-BE54-9A1E7A4F7556}") = "SkyBlueSoftware.Events.App", "SkyBlueSoftware.Events.App\SkyBlueSoftware.Events.App.csproj", "{F4C2804D-04B8-4749-866A-0019EE633D16}"
EndProject
Project("{2150E333-8FDC-42A3-9474-1A3956D46DE8}") = "Tests", "Tests", "{73EA29C2-500F-4EAD-A0D1-265D63866615}"
EndProject
Global
	GlobalSection(SolutionConfigurationPlatforms) = preSolution
		Debug|Any CPU = Debug|Any CPU
		Release|Any CPU = Release|Any CPU
	EndGlobalSection
	GlobalSection(ProjectConfigurationPlatforms) = postSolution
		{9BBA3B0A-C428-4FE0-A5CF-9A650E886A81}.Debug|Any CPU.ActiveCfg = Debug|Any CPU
		{9BBA3B0A-C428-4FE0-A5CF-9A650E886A81}.Debug|Any CPU.Build.0 = Debug|Any CPU
		{9BBA3B0A-C428-4FE0-A5CF-9A650E886A81}.Release|Any CPU.ActiveCfg = Release|Any CPU
		{9BBA3B0A-C428-4FE0-A5CF-9A650E886A81}.Release|Any CPU.Build.0 = Release|Any CPU
		{084EA2A1-B646-4755-A3B4-3B588EF044D7}.Debug|Any CPU.ActiveCfg = Debug|Any CPU
		{084EA2A1-B646-4755-A3B4-3B588EF044D7}.Debug|Any CPU.Build.0 = Debug|Any CPU
		{084EA2A1-B646-4755-A3B4-3B588EF044D7}.Release|Any CPU.ActiveCfg = Release|Any CPU
		{084EA2A1-B646-4755-A3B4-3B588EF044D7}.Release|Any CPU.Build.0 = Release|Any CPU
		{F4C2804D-04B8-4749-866A-0019EE633D16}.Debug|Any CPU.ActiveCfg = Debug|Any CPU
		{F4C2804D-04B8-4749-866A-0019EE633D16}.Debug|Any CPU.Build.0 = Debug|Any CPU
		{F4C2804D-04B8-4749-866A-0019EE633D16}.Release|Any CPU.ActiveCfg = Release|Any CPU
		{F4C2804D-04B8-4749-866A-0019EE633D16}.Release|Any CPU.Build.0 = Release|Any CPU
	EndGlobalSection
	GlobalSection(SolutionProperties) = preSolution
		HideSolutionNode = FALSE
	EndGlobalSection
	GlobalSection(NestedProjects) = preSolution
		{084EA2A1-B646-4755-A3B4-3B588EF044D7} = {73EA29C2-500F-4EAD-A0D1-265D63866615}
	EndGlobalSection
	GlobalSection(ExtensibilityGlobals) = postSolution
		SolutionGuid = {F7527884-EE44-40A9-B201-B57CD41DF9A2}
	EndGlobalSection
EndGlobal
